
Microsoft Visual Studio Solution File, Format Version 12.00
# Visual Studio 15
VisualStudioVersion = 15.0.28307.902
MinimumVisualStudioVersion = 10.0.40219.1
Project("{8BC9CEB8-8B4A-11D0-8D11-00A0C91BC942}") = "Practical 8", "Practical 8\Practical 8.vcxproj", "{BB0802C1-078F-40CA-9AA1-126F70631BA1}"
EndProject
Global
	GlobalSection(SolutionConfigurationPlatforms) = preSolution
		Debug|x64 = Debug|x64
		Debug|x86 = Debug|x86
		Release|x64 = Release|x64
		Release|x86 = Release|x86
	EndGlobalSection
	GlobalSection(ProjectConfigurationPlatforms) = postSolution
		{BB0802C1-078F-40CA-9AA1-126F70631BA1}.Debug|x64.ActiveCfg = Debug|x64
		{BB0802C1-078F-40CA-9AA1-126F70631BA1}.Debug|x64.Build.0 = Debug|x64
		{BB0802C1-078F-40CA-9AA1-126F70631BA1}.Debug|x86.ActiveCfg = Debug|Win32
		{BB0802C1-078F-40CA-9AA1-126F70631BA1}.Debug|x86.Build.0 = Debug|Win32
		{BB0802C1-078F-40CA-9AA1-126F70631BA1}.Release|x64.ActiveCfg = Release|x64
		{BB0802C1-078F-40CA-9AA1-126F70631BA1}.Release|x64.Build.0 = Release|x64
		{BB0802C1-078F-40CA-9AA1-126F70631BA1}.Release|x86.ActiveCfg = Release|Win32
		{BB0802C1-078F-40CA-9AA1-126F70631BA1}.Release|x86.Build.0 = Release|Win32
	EndGlobalSection
	GlobalSection(SolutionProperties) = preSolution
		HideSolutionNode = FALSE
	EndGlobalSection
	GlobalSection(ExtensibilityGlobals) = postSolution
		SolutionGuid = {8635956C-A61A-4CA7-A2C9-DDD18EC2581F}
	EndGlobalSection
EndGlobal
